// !$*UTF8*$!
{
	archiveVersion = 1;
	classes = {
	};
	objectVersion = 51;
	objects = {

/* Begin PBXBuildFile section */
		2357E88025D3FE99001DB5DD /* AppDelegate.swift in Sources */ = {isa = PBXBuildFile; fileRef = 2357E87F25D3FE99001DB5DD /* AppDelegate.swift */; };
		2357E88225D3FE99001DB5DD /* SceneDelegate.swift in Sources */ = {isa = PBXBuildFile; fileRef = 2357E88125D3FE99001DB5DD /* SceneDelegate.swift */; };
		2357E88425D3FE99001DB5DD /* LoginViewController.swift in Sources */ = {isa = PBXBuildFile; fileRef = 2357E88325D3FE99001DB5DD /* LoginViewController.swift */; };
		2357E88725D3FE99001DB5DD /* Main.storyboard in Resources */ = {isa = PBXBuildFile; fileRef = 2357E88525D3FE99001DB5DD /* Main.storyboard */; };
		2357E88925D3FE9C001DB5DD /* Assets.xcassets in Resources */ = {isa = PBXBuildFile; fileRef = 2357E88825D3FE9C001DB5DD /* Assets.xcassets */; };
		2357E88C25D3FE9C001DB5DD /* LaunchScreen.storyboard in Resources */ = {isa = PBXBuildFile; fileRef = 2357E88A25D3FE9C001DB5DD /* LaunchScreen.storyboard */; };
		2357E89725D3FE9D001DB5DD /* cc2Tests.swift in Sources */ = {isa = PBXBuildFile; fileRef = 2357E89625D3FE9D001DB5DD /* cc2Tests.swift */; };
		2357E8A225D3FE9D001DB5DD /* cc2UITests.swift in Sources */ = {isa = PBXBuildFile; fileRef = 2357E8A125D3FE9D001DB5DD /* cc2UITests.swift */; };
		2357E8D925D40101001DB5DD /* GoogleService-Info.plist in Resources */ = {isa = PBXBuildFile; fileRef = 2357E8D825D40101001DB5DD /* GoogleService-Info.plist */; };
		2357E8F325D43A3D001DB5DD /* User.swift in Sources */ = {isa = PBXBuildFile; fileRef = 2357E8F225D43A3D001DB5DD /* User.swift */; };
		2357E8F825D43BB3001DB5DD /* Constants.swift in Sources */ = {isa = PBXBuildFile; fileRef = 2357E8F725D43BB3001DB5DD /* Constants.swift */; };
		2357E8FD25D43EA1001DB5DD /* FCollectionReference.swift in Sources */ = {isa = PBXBuildFile; fileRef = 2357E8FC25D43EA1001DB5DD /* FCollectionReference.swift */; };
		2357E90625D440CD001DB5DD /* FirebaseUserListener.swift in Sources */ = {isa = PBXBuildFile; fileRef = 2357E90525D440CD001DB5DD /* FirebaseUserListener.swift */; };
		2357E90F25D4DBE7001DB5DD /* SettingsTableViewController.swift in Sources */ = {isa = PBXBuildFile; fileRef = 2357E90E25D4DBE7001DB5DD /* SettingsTableViewController.swift */; };
		2357E91425D54F91001DB5DD /* EditProfileTableViewController.swift in Sources */ = {isa = PBXBuildFile; fileRef = 2357E91325D54F91001DB5DD /* EditProfileTableViewController.swift */; };
		2357E91925D56224001DB5DD /* FileStorage.swift in Sources */ = {isa = PBXBuildFile; fileRef = 2357E91825D56224001DB5DD /* FileStorage.swift */; };
		2357E91E25D56FDD001DB5DD /* GlobalFunctions.swift in Sources */ = {isa = PBXBuildFile; fileRef = 2357E91D25D56FDD001DB5DD /* GlobalFunctions.swift */; };
		237F832825D7C6A10068A782 /* Extensions.swift in Sources */ = {isa = PBXBuildFile; fileRef = 237F832725D7C6A10068A782 /* Extensions.swift */; };
		237F832D25D7D2070068A782 /* Status.swift in Sources */ = {isa = PBXBuildFile; fileRef = 237F832C25D7D2070068A782 /* Status.swift */; };
		237F833225D7D92C0068A782 /* StatusTableViewController.swift in Sources */ = {isa = PBXBuildFile; fileRef = 237F833125D7D92C0068A782 /* StatusTableViewController.swift */; };
		237F833725D7E59F0068A782 /* UserTableViewCell.swift in Sources */ = {isa = PBXBuildFile; fileRef = 237F833625D7E59F0068A782 /* UserTableViewCell.swift */; };
		237F833C25D7E5BC0068A782 /* UsersTableViewController.swift in Sources */ = {isa = PBXBuildFile; fileRef = 237F833B25D7E5BC0068A782 /* UsersTableViewController.swift */; };
		237F834825D7FFC50068A782 /* ProfileTableViewController.swift in Sources */ = {isa = PBXBuildFile; fileRef = 237F834725D7FFC50068A782 /* ProfileTableViewController.swift */; };
		237F835725D807B50068A782 /* RecentChat.swift in Sources */ = {isa = PBXBuildFile; fileRef = 237F835625D807B50068A782 /* RecentChat.swift */; };
		239D8C1125DACD110045FD4A /* PhotoMessage.swift in Sources */ = {isa = PBXBuildFile; fileRef = 239D8C1025DACD110045FD4A /* PhotoMessage.swift */; };
		239D8C1725DADCFA0045FD4A /* VideoMessage.swift in Sources */ = {isa = PBXBuildFile; fileRef = 239D8C1625DADCFA0045FD4A /* VideoMessage.swift */; };
		239D8C2225DAF03F0045FD4A /* LocationManager.swift in Sources */ = {isa = PBXBuildFile; fileRef = 239D8C2125DAF03F0045FD4A /* LocationManager.swift */; };
		239D8C2A25DB04E70045FD4A /* LocationMessage.swift in Sources */ = {isa = PBXBuildFile; fileRef = 239D8C2925DB04E70045FD4A /* LocationMessage.swift */; };
		239D8C2F25DB0A700045FD4A /* MapViewController.swift in Sources */ = {isa = PBXBuildFile; fileRef = 239D8C2E25DB0A700045FD4A /* MapViewController.swift */; };
		23F37B1425D814B8000BA8C6 /* RecentTableViewCell.swift in Sources */ = {isa = PBXBuildFile; fileRef = 23F37B1325D814B8000BA8C6 /* RecentTableViewCell.swift */; };
		23F37B1925D81F7E000BA8C6 /* StartChat.swift in Sources */ = {isa = PBXBuildFile; fileRef = 23F37B1825D81F7E000BA8C6 /* StartChat.swift */; };
		23F37B1E25D82298000BA8C6 /* FirebaseRecentListener.swift in Sources */ = {isa = PBXBuildFile; fileRef = 23F37B1D25D82298000BA8C6 /* FirebaseRecentListener.swift */; };
		23F37B2325D85280000BA8C6 /* ChatsTableViewController.swift in Sources */ = {isa = PBXBuildFile; fileRef = 23F37B2225D85280000BA8C6 /* ChatsTableViewController.swift */; };
		23F37B2825D864B0000BA8C6 /* ChatViewController.swift in Sources */ = {isa = PBXBuildFile; fileRef = 23F37B2725D864B0000BA8C6 /* ChatViewController.swift */; };
		23F37B3025D873FF000BA8C6 /* MessageDataSource.swift in Sources */ = {isa = PBXBuildFile; fileRef = 23F37B2F25D873FF000BA8C6 /* MessageDataSource.swift */; };
		23F37B3925D87436000BA8C6 /* MessageCellDelegate.swift in Sources */ = {isa = PBXBuildFile; fileRef = 23F37B3825D87436000BA8C6 /* MessageCellDelegate.swift */; };
		23F37B4225D87462000BA8C6 /* MessageDisplayDelegate.swift in Sources */ = {isa = PBXBuildFile; fileRef = 23F37B4125D87462000BA8C6 /* MessageDisplayDelegate.swift */; };
		23F37B4425D87489000BA8C6 /* MessageLayoutDelegate.swift in Sources */ = {isa = PBXBuildFile; fileRef = 23F37B4325D87489000BA8C6 /* MessageLayoutDelegate.swift */; };
		23F37B4925D874BC000BA8C6 /* InputBarAccessoryViewDelegate.swift in Sources */ = {isa = PBXBuildFile; fileRef = 23F37B4825D874BC000BA8C6 /* InputBarAccessoryViewDelegate.swift */; };
		23F37B4E25D87762000BA8C6 /* MessageKitDefaults.swift in Sources */ = {isa = PBXBuildFile; fileRef = 23F37B4D25D87762000BA8C6 /* MessageKitDefaults.swift */; };
		23F37B5325D87937000BA8C6 /* MKMessage.swift in Sources */ = {isa = PBXBuildFile; fileRef = 23F37B5225D87937000BA8C6 /* MKMessage.swift */; };
		23F37B5825D87C77000BA8C6 /* LocalMessage.swift in Sources */ = {isa = PBXBuildFile; fileRef = 23F37B5725D87C77000BA8C6 /* LocalMessage.swift */; };
		23F37B6425D88752000BA8C6 /* RealmManager.swift in Sources */ = {isa = PBXBuildFile; fileRef = 23F37B6325D88752000BA8C6 /* RealmManager.swift */; };
		23F37B6925D88BA1000BA8C6 /* OutgoingMessage.swift in Sources */ = {isa = PBXBuildFile; fileRef = 23F37B6825D88BA1000BA8C6 /* OutgoingMessage.swift */; };
		23F37B7725D8957E000BA8C6 /* FirebaseMessageListener.swift in Sources */ = {isa = PBXBuildFile; fileRef = 23F37B7625D8957E000BA8C6 /* FirebaseMessageListener.swift */; };
		23F37B7C25DA645D000BA8C6 /* IncomingMessage.swift in Sources */ = {isa = PBXBuildFile; fileRef = 23F37B7B25DA645D000BA8C6 /* IncomingMessage.swift */; };
		23F37B8125DA9970000BA8C6 /* FirebaseTypingListener.swift in Sources */ = {isa = PBXBuildFile; fileRef = 23F37B8025DA9970000BA8C6 /* FirebaseTypingListener.swift */; };
		4BC6226497F27D4D7A40948B /* Pods_cc2Tests.framework in Frameworks */ = {isa = PBXBuildFile; fileRef = 9C384654B27A1814EF0BD94E /* Pods_cc2Tests.framework */; };
		7329606F3402C3DDFDD0748D /* Pods_cc2.framework in Frameworks */ = {isa = PBXBuildFile; fileRef = 48A7F83445836DB8FFEFEB67 /* Pods_cc2.framework */; };
		B4E2F8E3D26A5D38100E8FF1 /* Pods_cc2_cc2UITests.framework in Frameworks */ = {isa = PBXBuildFile; fileRef = 0D171F5D2191D79216CC65C4 /* Pods_cc2_cc2UITests.framework */; };
/* End PBXBuildFile section */

/* Begin PBXContainerItemProxy section */
		2357E89325D3FE9D001DB5DD /* PBXContainerItemProxy */ = {
			isa = PBXContainerItemProxy;
			containerPortal = 2357E87425D3FE99001DB5DD /* Project object */;
			proxyType = 1;
			remoteGlobalIDString = 2357E87B25D3FE99001DB5DD;
			remoteInfo = cc2;
		};
		2357E89E25D3FE9D001DB5DD /* PBXContainerItemProxy */ = {
			isa = PBXContainerItemProxy;
			containerPortal = 2357E87425D3FE99001DB5DD /* Project object */;
			proxyType = 1;
			remoteGlobalIDString = 2357E87B25D3FE99001DB5DD;
			remoteInfo = cc2;
		};
/* End PBXContainerItemProxy section */

/* Begin PBXFileReference section */
		01A3B340046AB63459EC8361 /* Pods-cc2-cc2UITests.debug.xcconfig */ = {isa = PBXFileReference; includeInIndex = 1; lastKnownFileType = text.xcconfig; name = "Pods-cc2-cc2UITests.debug.xcconfig"; path = "Target Support Files/Pods-cc2-cc2UITests/Pods-cc2-cc2UITests.debug.xcconfig"; sourceTree = "<group>"; };
		0D171F5D2191D79216CC65C4 /* Pods_cc2_cc2UITests.framework */ = {isa = PBXFileReference; explicitFileType = wrapper.framework; includeInIndex = 0; path = Pods_cc2_cc2UITests.framework; sourceTree = BUILT_PRODUCTS_DIR; };
		2204B8F8F5A84912AA869E2E /* Pods-cc2Tests.debug.xcconfig */ = {isa = PBXFileReference; includeInIndex = 1; lastKnownFileType = text.xcconfig; name = "Pods-cc2Tests.debug.xcconfig"; path = "Target Support Files/Pods-cc2Tests/Pods-cc2Tests.debug.xcconfig"; sourceTree = "<group>"; };
		2357E87C25D3FE99001DB5DD /* cc2.app */ = {isa = PBXFileReference; explicitFileType = wrapper.application; includeInIndex = 0; path = cc2.app; sourceTree = BUILT_PRODUCTS_DIR; };
		2357E87F25D3FE99001DB5DD /* AppDelegate.swift */ = {isa = PBXFileReference; lastKnownFileType = sourcecode.swift; path = AppDelegate.swift; sourceTree = "<group>"; };
		2357E88125D3FE99001DB5DD /* SceneDelegate.swift */ = {isa = PBXFileReference; lastKnownFileType = sourcecode.swift; path = SceneDelegate.swift; sourceTree = "<group>"; };
		2357E88325D3FE99001DB5DD /* LoginViewController.swift */ = {isa = PBXFileReference; lastKnownFileType = sourcecode.swift; path = LoginViewController.swift; sourceTree = "<group>"; };
		2357E88625D3FE99001DB5DD /* Base */ = {isa = PBXFileReference; lastKnownFileType = file.storyboard; name = Base; path = Base.lproj/Main.storyboard; sourceTree = "<group>"; };
		2357E88825D3FE9C001DB5DD /* Assets.xcassets */ = {isa = PBXFileReference; lastKnownFileType = folder.assetcatalog; path = Assets.xcassets; sourceTree = "<group>"; };
		2357E88B25D3FE9C001DB5DD /* Base */ = {isa = PBXFileReference; lastKnownFileType = file.storyboard; name = Base; path = Base.lproj/LaunchScreen.storyboard; sourceTree = "<group>"; };
		2357E88D25D3FE9C001DB5DD /* Info.plist */ = {isa = PBXFileReference; lastKnownFileType = text.plist.xml; path = Info.plist; sourceTree = "<group>"; };
		2357E89225D3FE9D001DB5DD /* cc2Tests.xctest */ = {isa = PBXFileReference; explicitFileType = wrapper.cfbundle; includeInIndex = 0; path = cc2Tests.xctest; sourceTree = BUILT_PRODUCTS_DIR; };
		2357E89625D3FE9D001DB5DD /* cc2Tests.swift */ = {isa = PBXFileReference; lastKnownFileType = sourcecode.swift; path = cc2Tests.swift; sourceTree = "<group>"; };
		2357E89825D3FE9D001DB5DD /* Info.plist */ = {isa = PBXFileReference; lastKnownFileType = text.plist.xml; path = Info.plist; sourceTree = "<group>"; };
		2357E89D25D3FE9D001DB5DD /* cc2UITests.xctest */ = {isa = PBXFileReference; explicitFileType = wrapper.cfbundle; includeInIndex = 0; path = cc2UITests.xctest; sourceTree = BUILT_PRODUCTS_DIR; };
		2357E8A125D3FE9D001DB5DD /* cc2UITests.swift */ = {isa = PBXFileReference; lastKnownFileType = sourcecode.swift; path = cc2UITests.swift; sourceTree = "<group>"; };
		2357E8A325D3FE9D001DB5DD /* Info.plist */ = {isa = PBXFileReference; lastKnownFileType = text.plist.xml; path = Info.plist; sourceTree = "<group>"; };
		2357E8D825D40101001DB5DD /* GoogleService-Info.plist */ = {isa = PBXFileReference; fileEncoding = 4; lastKnownFileType = text.plist.xml; path = "GoogleService-Info.plist"; sourceTree = "<group>"; };
		2357E8F225D43A3D001DB5DD /* User.swift */ = {isa = PBXFileReference; lastKnownFileType = sourcecode.swift; path = User.swift; sourceTree = "<group>"; };
		2357E8F725D43BB3001DB5DD /* Constants.swift */ = {isa = PBXFileReference; lastKnownFileType = sourcecode.swift; path = Constants.swift; sourceTree = "<group>"; };
		2357E8FC25D43EA1001DB5DD /* FCollectionReference.swift */ = {isa = PBXFileReference; lastKnownFileType = sourcecode.swift; path = FCollectionReference.swift; sourceTree = "<group>"; };
		2357E90525D440CD001DB5DD /* FirebaseUserListener.swift */ = {isa = PBXFileReference; lastKnownFileType = sourcecode.swift; path = FirebaseUserListener.swift; sourceTree = "<group>"; };
		2357E90E25D4DBE7001DB5DD /* SettingsTableViewController.swift */ = {isa = PBXFileReference; lastKnownFileType = sourcecode.swift; path = SettingsTableViewController.swift; sourceTree = "<group>"; };
		2357E91325D54F91001DB5DD /* EditProfileTableViewController.swift */ = {isa = PBXFileReference; lastKnownFileType = sourcecode.swift; path = EditProfileTableViewController.swift; sourceTree = "<group>"; };
		2357E91825D56224001DB5DD /* FileStorage.swift */ = {isa = PBXFileReference; lastKnownFileType = sourcecode.swift; path = FileStorage.swift; sourceTree = "<group>"; };
		2357E91D25D56FDD001DB5DD /* GlobalFunctions.swift */ = {isa = PBXFileReference; lastKnownFileType = sourcecode.swift; path = GlobalFunctions.swift; sourceTree = "<group>"; };
		237F832725D7C6A10068A782 /* Extensions.swift */ = {isa = PBXFileReference; lastKnownFileType = sourcecode.swift; path = Extensions.swift; sourceTree = "<group>"; };
		237F832C25D7D2070068A782 /* Status.swift */ = {isa = PBXFileReference; lastKnownFileType = sourcecode.swift; path = Status.swift; sourceTree = "<group>"; };
		237F833125D7D92C0068A782 /* StatusTableViewController.swift */ = {isa = PBXFileReference; lastKnownFileType = sourcecode.swift; path = StatusTableViewController.swift; sourceTree = "<group>"; };
		237F833625D7E59F0068A782 /* UserTableViewCell.swift */ = {isa = PBXFileReference; lastKnownFileType = sourcecode.swift; path = UserTableViewCell.swift; sourceTree = "<group>"; };
		237F833B25D7E5BC0068A782 /* UsersTableViewController.swift */ = {isa = PBXFileReference; lastKnownFileType = sourcecode.swift; path = UsersTableViewController.swift; sourceTree = "<group>"; };
		237F834725D7FFC50068A782 /* ProfileTableViewController.swift */ = {isa = PBXFileReference; lastKnownFileType = sourcecode.swift; path = ProfileTableViewController.swift; sourceTree = "<group>"; };
		237F835625D807B50068A782 /* RecentChat.swift */ = {isa = PBXFileReference; lastKnownFileType = sourcecode.swift; path = RecentChat.swift; sourceTree = "<group>"; };
		239D8C1025DACD110045FD4A /* PhotoMessage.swift */ = {isa = PBXFileReference; lastKnownFileType = sourcecode.swift; path = PhotoMessage.swift; sourceTree = "<group>"; };
		239D8C1625DADCFA0045FD4A /* VideoMessage.swift */ = {isa = PBXFileReference; lastKnownFileType = sourcecode.swift; path = VideoMessage.swift; sourceTree = "<group>"; };
		239D8C2125DAF03F0045FD4A /* LocationManager.swift */ = {isa = PBXFileReference; lastKnownFileType = sourcecode.swift; path = LocationManager.swift; sourceTree = "<group>"; };
		239D8C2925DB04E70045FD4A /* LocationMessage.swift */ = {isa = PBXFileReference; lastKnownFileType = sourcecode.swift; path = LocationMessage.swift; sourceTree = "<group>"; };
		239D8C2E25DB0A700045FD4A /* MapViewController.swift */ = {isa = PBXFileReference; lastKnownFileType = sourcecode.swift; path = MapViewController.swift; sourceTree = "<group>"; };
		23F37B1325D814B8000BA8C6 /* RecentTableViewCell.swift */ = {isa = PBXFileReference; lastKnownFileType = sourcecode.swift; path = RecentTableViewCell.swift; sourceTree = "<group>"; };
		23F37B1825D81F7E000BA8C6 /* StartChat.swift */ = {isa = PBXFileReference; lastKnownFileType = sourcecode.swift; path = StartChat.swift; sourceTree = "<group>"; };
		23F37B1D25D82298000BA8C6 /* FirebaseRecentListener.swift */ = {isa = PBXFileReference; lastKnownFileType = sourcecode.swift; path = FirebaseRecentListener.swift; sourceTree = "<group>"; };
		23F37B2225D85280000BA8C6 /* ChatsTableViewController.swift */ = {isa = PBXFileReference; lastKnownFileType = sourcecode.swift; path = ChatsTableViewController.swift; sourceTree = "<group>"; };
		23F37B2725D864B0000BA8C6 /* ChatViewController.swift */ = {isa = PBXFileReference; lastKnownFileType = sourcecode.swift; path = ChatViewController.swift; sourceTree = "<group>"; };
		23F37B2F25D873FF000BA8C6 /* MessageDataSource.swift */ = {isa = PBXFileReference; lastKnownFileType = sourcecode.swift; path = MessageDataSource.swift; sourceTree = "<group>"; };
		23F37B3825D87436000BA8C6 /* MessageCellDelegate.swift */ = {isa = PBXFileReference; lastKnownFileType = sourcecode.swift; path = MessageCellDelegate.swift; sourceTree = "<group>"; };
		23F37B4125D87462000BA8C6 /* MessageDisplayDelegate.swift */ = {isa = PBXFileReference; lastKnownFileType = sourcecode.swift; path = MessageDisplayDelegate.swift; sourceTree = "<group>"; };
		23F37B4325D87489000BA8C6 /* MessageLayoutDelegate.swift */ = {isa = PBXFileReference; lastKnownFileType = sourcecode.swift; path = MessageLayoutDelegate.swift; sourceTree = "<group>"; };
		23F37B4825D874BC000BA8C6 /* InputBarAccessoryViewDelegate.swift */ = {isa = PBXFileReference; lastKnownFileType = sourcecode.swift; path = InputBarAccessoryViewDelegate.swift; sourceTree = "<group>"; };
		23F37B4D25D87762000BA8C6 /* MessageKitDefaults.swift */ = {isa = PBXFileReference; lastKnownFileType = sourcecode.swift; path = MessageKitDefaults.swift; sourceTree = "<group>"; };
		23F37B5225D87937000BA8C6 /* MKMessage.swift */ = {isa = PBXFileReference; lastKnownFileType = sourcecode.swift; path = MKMessage.swift; sourceTree = "<group>"; };
		23F37B5725D87C77000BA8C6 /* LocalMessage.swift */ = {isa = PBXFileReference; lastKnownFileType = sourcecode.swift; name = LocalMessage.swift; path = "../New Group/LocalMessage.swift"; sourceTree = "<group>"; };
		23F37B6325D88752000BA8C6 /* RealmManager.swift */ = {isa = PBXFileReference; lastKnownFileType = sourcecode.swift; path = RealmManager.swift; sourceTree = "<group>"; };
		23F37B6825D88BA1000BA8C6 /* OutgoingMessage.swift */ = {isa = PBXFileReference; lastKnownFileType = sourcecode.swift; path = OutgoingMessage.swift; sourceTree = "<group>"; };
		23F37B7625D8957E000BA8C6 /* FirebaseMessageListener.swift */ = {isa = PBXFileReference; lastKnownFileType = sourcecode.swift; path = FirebaseMessageListener.swift; sourceTree = "<group>"; };
		23F37B7B25DA645D000BA8C6 /* IncomingMessage.swift */ = {isa = PBXFileReference; lastKnownFileType = sourcecode.swift; path = IncomingMessage.swift; sourceTree = "<group>"; };
		23F37B8025DA9970000BA8C6 /* FirebaseTypingListener.swift */ = {isa = PBXFileReference; lastKnownFileType = sourcecode.swift; path = FirebaseTypingListener.swift; sourceTree = "<group>"; };
		2ED45AADBD3AF4922ABF8898 /* Pods-cc2Tests.release.xcconfig */ = {isa = PBXFileReference; includeInIndex = 1; lastKnownFileType = text.xcconfig; name = "Pods-cc2Tests.release.xcconfig"; path = "Target Support Files/Pods-cc2Tests/Pods-cc2Tests.release.xcconfig"; sourceTree = "<group>"; };
		3F62E1F934DCC8D24397D525 /* Pods-cc2.release.xcconfig */ = {isa = PBXFileReference; includeInIndex = 1; lastKnownFileType = text.xcconfig; name = "Pods-cc2.release.xcconfig"; path = "Target Support Files/Pods-cc2/Pods-cc2.release.xcconfig"; sourceTree = "<group>"; };
		48A7F83445836DB8FFEFEB67 /* Pods_cc2.framework */ = {isa = PBXFileReference; explicitFileType = wrapper.framework; includeInIndex = 0; path = Pods_cc2.framework; sourceTree = BUILT_PRODUCTS_DIR; };
		9C384654B27A1814EF0BD94E /* Pods_cc2Tests.framework */ = {isa = PBXFileReference; explicitFileType = wrapper.framework; includeInIndex = 0; path = Pods_cc2Tests.framework; sourceTree = BUILT_PRODUCTS_DIR; };
		E160409AE416607D962A4ABD /* Pods-cc2.debug.xcconfig */ = {isa = PBXFileReference; includeInIndex = 1; lastKnownFileType = text.xcconfig; name = "Pods-cc2.debug.xcconfig"; path = "Target Support Files/Pods-cc2/Pods-cc2.debug.xcconfig"; sourceTree = "<group>"; };
		E9617C3A036797A2E014460D /* Pods-cc2-cc2UITests.release.xcconfig */ = {isa = PBXFileReference; includeInIndex = 1; lastKnownFileType = text.xcconfig; name = "Pods-cc2-cc2UITests.release.xcconfig"; path = "Target Support Files/Pods-cc2-cc2UITests/Pods-cc2-cc2UITests.release.xcconfig"; sourceTree = "<group>"; };
/* End PBXFileReference section */

/* Begin PBXFrameworksBuildPhase section */
		2357E87925D3FE99001DB5DD /* Frameworks */ = {
			isa = PBXFrameworksBuildPhase;
			buildActionMask = 2147483647;
			files = (
				7329606F3402C3DDFDD0748D /* Pods_cc2.framework in Frameworks */,
			);
			runOnlyForDeploymentPostprocessing = 0;
		};
		2357E88F25D3FE9D001DB5DD /* Frameworks */ = {
			isa = PBXFrameworksBuildPhase;
			buildActionMask = 2147483647;
			files = (
				4BC6226497F27D4D7A40948B /* Pods_cc2Tests.framework in Frameworks */,
			);
			runOnlyForDeploymentPostprocessing = 0;
		};
		2357E89A25D3FE9D001DB5DD /* Frameworks */ = {
			isa = PBXFrameworksBuildPhase;
			buildActionMask = 2147483647;
			files = (
				B4E2F8E3D26A5D38100E8FF1 /* Pods_cc2_cc2UITests.framework in Frameworks */,
			);
			runOnlyForDeploymentPostprocessing = 0;
		};
/* End PBXFrameworksBuildPhase section */

/* Begin PBXGroup section */
		2357E87325D3FE99001DB5DD = {
			isa = PBXGroup;
			children = (
				2357E87E25D3FE99001DB5DD /* cc2 */,
				2357E89525D3FE9D001DB5DD /* cc2Tests */,
				2357E8A025D3FE9D001DB5DD /* cc2UITests */,
				2357E87D25D3FE99001DB5DD /* Products */,
				5670A315A67211A804001144 /* Pods */,
				668EFF540F26C7BB3CE1D0B8 /* Frameworks */,
			);
			sourceTree = "<group>";
		};
		2357E87D25D3FE99001DB5DD /* Products */ = {
			isa = PBXGroup;
			children = (
				2357E87C25D3FE99001DB5DD /* cc2.app */,
				2357E89225D3FE9D001DB5DD /* cc2Tests.xctest */,
				2357E89D25D3FE9D001DB5DD /* cc2UITests.xctest */,
			);
			name = Products;
			sourceTree = "<group>";
		};
		2357E87E25D3FE99001DB5DD /* cc2 */ = {
			isa = PBXGroup;
			children = (
				2357E87F25D3FE99001DB5DD /* AppDelegate.swift */,
				2357E88125D3FE99001DB5DD /* SceneDelegate.swift */,
				237F834625D7FF7B0068A782 /* MainViews */,
				237F834F25D7FFD80068A782 /* SecondaryViews */,
				237F834525D7FF6A0068A782 /* LoginViews */,
				237F834025D7FF3D0068A782 /* SettingView */,
				237F834425D7FF540068A782 /* CustomCells */,
				2357E90125D44043001DB5DD /* FirebaseHelpers */,
				2357E8E825D43A17001DB5DD /* Model */,
				2357E90A25D4C36F001DB5DD /* Helpers */,
				2357E88525D3FE99001DB5DD /* Main.storyboard */,
				2357E88825D3FE9C001DB5DD /* Assets.xcassets */,
				2357E88A25D3FE9C001DB5DD /* LaunchScreen.storyboard */,
				2357E88D25D3FE9C001DB5DD /* Info.plist */,
				2357E8D825D40101001DB5DD /* GoogleService-Info.plist */,
			);
			path = cc2;
			sourceTree = "<group>";
		};
		2357E89525D3FE9D001DB5DD /* cc2Tests */ = {
			isa = PBXGroup;
			children = (
				2357E89625D3FE9D001DB5DD /* cc2Tests.swift */,
				2357E89825D3FE9D001DB5DD /* Info.plist */,
			);
			path = cc2Tests;
			sourceTree = "<group>";
		};
		2357E8A025D3FE9D001DB5DD /* cc2UITests */ = {
			isa = PBXGroup;
			children = (
				2357E8A125D3FE9D001DB5DD /* cc2UITests.swift */,
				2357E8A325D3FE9D001DB5DD /* Info.plist */,
			);
			path = cc2UITests;
			sourceTree = "<group>";
		};
		2357E8E825D43A17001DB5DD /* Model */ = {
			isa = PBXGroup;
			children = (
				2357E8F225D43A3D001DB5DD /* User.swift */,
				237F835625D807B50068A782 /* RecentChat.swift */,
				237F832C25D7D2070068A782 /* Status.swift */,
				23F37B5225D87937000BA8C6 /* MKMessage.swift */,
				23F37B6825D88BA1000BA8C6 /* OutgoingMessage.swift */,
				23F37B7B25DA645D000BA8C6 /* IncomingMessage.swift */,
				239D8C2125DAF03F0045FD4A /* LocationManager.swift */,
				239D8C1525DADCD20045FD4A /* Media Messages */,
				23F37B5C25D87C7D000BA8C6 /* RealmMessages */,
			);
			path = Model;
			sourceTree = "<group>";
		};
		2357E90125D44043001DB5DD /* FirebaseHelpers */ = {
			isa = PBXGroup;
			children = (
				2357E8FC25D43EA1001DB5DD /* FCollectionReference.swift */,
				2357E90525D440CD001DB5DD /* FirebaseUserListener.swift */,
				23F37B8025DA9970000BA8C6 /* FirebaseTypingListener.swift */,
				23F37B1D25D82298000BA8C6 /* FirebaseRecentListener.swift */,
				23F37B7625D8957E000BA8C6 /* FirebaseMessageListener.swift */,
				2357E91825D56224001DB5DD /* FileStorage.swift */,
			);
			path = FirebaseHelpers;
			sourceTree = "<group>";
		};
		2357E90A25D4C36F001DB5DD /* Helpers */ = {
			isa = PBXGroup;
			children = (
				2357E8F725D43BB3001DB5DD /* Constants.swift */,
				2357E91D25D56FDD001DB5DD /* GlobalFunctions.swift */,
				23F37B1825D81F7E000BA8C6 /* StartChat.swift */,
				237F832725D7C6A10068A782 /* Extensions.swift */,
				23F37B4D25D87762000BA8C6 /* MessageKitDefaults.swift */,
			);
			path = Helpers;
			sourceTree = "<group>";
		};
		237F834025D7FF3D0068A782 /* SettingView */ = {
			isa = PBXGroup;
			children = (
				2357E90E25D4DBE7001DB5DD /* SettingsTableViewController.swift */,
				2357E91325D54F91001DB5DD /* EditProfileTableViewController.swift */,
				237F833125D7D92C0068A782 /* StatusTableViewController.swift */,
			);
			path = SettingView;
			sourceTree = "<group>";
		};
		237F834425D7FF540068A782 /* CustomCells */ = {
			isa = PBXGroup;
			children = (
				237F833625D7E59F0068A782 /* UserTableViewCell.swift */,
				23F37B1325D814B8000BA8C6 /* RecentTableViewCell.swift */,
			);
			path = CustomCells;
			sourceTree = "<group>";
		};
		237F834525D7FF6A0068A782 /* LoginViews */ = {
			isa = PBXGroup;
			children = (
				2357E88325D3FE99001DB5DD /* LoginViewController.swift */,
			);
			path = LoginViews;
			sourceTree = "<group>";
		};
		237F834625D7FF7B0068A782 /* MainViews */ = {
			isa = PBXGroup;
			children = (
				237F833B25D7E5BC0068A782 /* UsersTableViewController.swift */,
				23F37B2225D85280000BA8C6 /* ChatsTableViewController.swift */,
			);
			path = MainViews;
			sourceTree = "<group>";
		};
		237F834F25D7FFD80068A782 /* SecondaryViews */ = {
			isa = PBXGroup;
			children = (
				237F834725D7FFC50068A782 /* ProfileTableViewController.swift */,
				239D8C2E25DB0A700045FD4A /* MapViewController.swift */,
				23F37B2725D864B0000BA8C6 /* ChatViewController.swift */,
				23F37B3425D8740B000BA8C6 /* ChatViewExtensions */,
			);
			path = SecondaryViews;
			sourceTree = "<group>";
		};
		239D8C1525DADCD20045FD4A /* Media Messages */ = {
			isa = PBXGroup;
			children = (
				239D8C1025DACD110045FD4A /* PhotoMessage.swift */,
				239D8C1625DADCFA0045FD4A /* VideoMessage.swift */,
				239D8C2925DB04E70045FD4A /* LocationMessage.swift */,
			);
			path = "Media Messages";
			sourceTree = "<group>";
		};
		23F37B3425D8740B000BA8C6 /* ChatViewExtensions */ = {
			isa = PBXGroup;
			children = (
				23F37B2F25D873FF000BA8C6 /* MessageDataSource.swift */,
				23F37B3825D87436000BA8C6 /* MessageCellDelegate.swift */,
				23F37B4125D87462000BA8C6 /* MessageDisplayDelegate.swift */,
				23F37B4325D87489000BA8C6 /* MessageLayoutDelegate.swift */,
				23F37B4825D874BC000BA8C6 /* InputBarAccessoryViewDelegate.swift */,
			);
			path = ChatViewExtensions;
			sourceTree = "<group>";
		};
		23F37B5C25D87C7D000BA8C6 /* RealmMessages */ = {
			isa = PBXGroup;
			children = (
				23F37B5725D87C77000BA8C6 /* LocalMessage.swift */,
				23F37B6325D88752000BA8C6 /* RealmManager.swift */,
			);
			path = RealmMessages;
			sourceTree = "<group>";
		};
		5670A315A67211A804001144 /* Pods */ = {
			isa = PBXGroup;
			children = (
				E160409AE416607D962A4ABD /* Pods-cc2.debug.xcconfig */,
				3F62E1F934DCC8D24397D525 /* Pods-cc2.release.xcconfig */,
				01A3B340046AB63459EC8361 /* Pods-cc2-cc2UITests.debug.xcconfig */,
				E9617C3A036797A2E014460D /* Pods-cc2-cc2UITests.release.xcconfig */,
				2204B8F8F5A84912AA869E2E /* Pods-cc2Tests.debug.xcconfig */,
				2ED45AADBD3AF4922ABF8898 /* Pods-cc2Tests.release.xcconfig */,
			);
			path = Pods;
			sourceTree = "<group>";
		};
		668EFF540F26C7BB3CE1D0B8 /* Frameworks */ = {
			isa = PBXGroup;
			children = (
				48A7F83445836DB8FFEFEB67 /* Pods_cc2.framework */,
				0D171F5D2191D79216CC65C4 /* Pods_cc2_cc2UITests.framework */,
				9C384654B27A1814EF0BD94E /* Pods_cc2Tests.framework */,
			);
			name = Frameworks;
			sourceTree = "<group>";
		};
/* End PBXGroup section */

/* Begin PBXNativeTarget section */
		2357E87B25D3FE99001DB5DD /* cc2 */ = {
			isa = PBXNativeTarget;
			buildConfigurationList = 2357E8A625D3FE9D001DB5DD /* Build configuration list for PBXNativeTarget "cc2" */;
			buildPhases = (
				FCF65EEF99FF07891AE8863C /* [CP] Check Pods Manifest.lock */,
				2357E87825D3FE99001DB5DD /* Sources */,
				2357E87925D3FE99001DB5DD /* Frameworks */,
				2357E87A25D3FE99001DB5DD /* Resources */,
				45FFB3ED40B4DA5C88251A44 /* [CP] Embed Pods Frameworks */,
			);
			buildRules = (
			);
			dependencies = (
			);
			name = cc2;
			productName = cc2;
			productReference = 2357E87C25D3FE99001DB5DD /* cc2.app */;
			productType = "com.apple.product-type.application";
		};
		2357E89125D3FE9D001DB5DD /* cc2Tests */ = {
			isa = PBXNativeTarget;
			buildConfigurationList = 2357E8A925D3FE9D001DB5DD /* Build configuration list for PBXNativeTarget "cc2Tests" */;
			buildPhases = (
				2C8093F7F0336F745BA90BFC /* [CP] Check Pods Manifest.lock */,
				2357E88E25D3FE9D001DB5DD /* Sources */,
				2357E88F25D3FE9D001DB5DD /* Frameworks */,
				2357E89025D3FE9D001DB5DD /* Resources */,
			);
			buildRules = (
			);
			dependencies = (
				2357E89425D3FE9D001DB5DD /* PBXTargetDependency */,
			);
			name = cc2Tests;
			productName = cc2Tests;
			productReference = 2357E89225D3FE9D001DB5DD /* cc2Tests.xctest */;
			productType = "com.apple.product-type.bundle.unit-test";
		};
		2357E89C25D3FE9D001DB5DD /* cc2UITests */ = {
			isa = PBXNativeTarget;
			buildConfigurationList = 2357E8AC25D3FE9D001DB5DD /* Build configuration list for PBXNativeTarget "cc2UITests" */;
			buildPhases = (
				3CCC193506582DF35EAE678E /* [CP] Check Pods Manifest.lock */,
				2357E89925D3FE9D001DB5DD /* Sources */,
				2357E89A25D3FE9D001DB5DD /* Frameworks */,
				2357E89B25D3FE9D001DB5DD /* Resources */,
				7FCC7ECE55AB0A710E3D8A01 /* [CP] Embed Pods Frameworks */,
			);
			buildRules = (
			);
			dependencies = (
				2357E89F25D3FE9D001DB5DD /* PBXTargetDependency */,
			);
			name = cc2UITests;
			productName = cc2UITests;
			productReference = 2357E89D25D3FE9D001DB5DD /* cc2UITests.xctest */;
			productType = "com.apple.product-type.bundle.ui-testing";
		};
/* End PBXNativeTarget section */

/* Begin PBXProject section */
		2357E87425D3FE99001DB5DD /* Project object */ = {
			isa = PBXProject;
			attributes = {
				LastSwiftUpdateCheck = 1240;
				LastUpgradeCheck = 1240;
				TargetAttributes = {
					2357E87B25D3FE99001DB5DD = {
						CreatedOnToolsVersion = 12.4;
					};
					2357E89125D3FE9D001DB5DD = {
						CreatedOnToolsVersion = 12.4;
						TestTargetID = 2357E87B25D3FE99001DB5DD;
					};
					2357E89C25D3FE9D001DB5DD = {
						CreatedOnToolsVersion = 12.4;
						TestTargetID = 2357E87B25D3FE99001DB5DD;
					};
				};
			};
			buildConfigurationList = 2357E87725D3FE99001DB5DD /* Build configuration list for PBXProject "cc2" */;
			compatibilityVersion = "Xcode 9.3";
			developmentRegion = en;
			hasScannedForEncodings = 0;
			knownRegions = (
				en,
				Base,
			);
			mainGroup = 2357E87325D3FE99001DB5DD;
			productRefGroup = 2357E87D25D3FE99001DB5DD /* Products */;
			projectDirPath = "";
			projectRoot = "";
			targets = (
				2357E87B25D3FE99001DB5DD /* cc2 */,
				2357E89125D3FE9D001DB5DD /* cc2Tests */,
				2357E89C25D3FE9D001DB5DD /* cc2UITests */,
			);
		};
/* End PBXProject section */

/* Begin PBXResourcesBuildPhase section */
		2357E87A25D3FE99001DB5DD /* Resources */ = {
			isa = PBXResourcesBuildPhase;
			buildActionMask = 2147483647;
			files = (
				2357E88C25D3FE9C001DB5DD /* LaunchScreen.storyboard in Resources */,
				2357E8D925D40101001DB5DD /* GoogleService-Info.plist in Resources */,
				2357E88925D3FE9C001DB5DD /* Assets.xcassets in Resources */,
				2357E88725D3FE99001DB5DD /* Main.storyboard in Resources */,
			);
			runOnlyForDeploymentPostprocessing = 0;
		};
		2357E89025D3FE9D001DB5DD /* Resources */ = {
			isa = PBXResourcesBuildPhase;
			buildActionMask = 2147483647;
			files = (
			);
			runOnlyForDeploymentPostprocessing = 0;
		};
		2357E89B25D3FE9D001DB5DD /* Resources */ = {
			isa = PBXResourcesBuildPhase;
			buildActionMask = 2147483647;
			files = (
			);
			runOnlyForDeploymentPostprocessing = 0;
		};
/* End PBXResourcesBuildPhase section */

/* Begin PBXShellScriptBuildPhase section */
		2C8093F7F0336F745BA90BFC /* [CP] Check Pods Manifest.lock */ = {
			isa = PBXShellScriptBuildPhase;
			buildActionMask = 2147483647;
			files = (
			);
			inputFileListPaths = (
			);
			inputPaths = (
				"${PODS_PODFILE_DIR_PATH}/Podfile.lock",
				"${PODS_ROOT}/Manifest.lock",
			);
			name = "[CP] Check Pods Manifest.lock";
			outputFileListPaths = (
			);
			outputPaths = (
				"$(DERIVED_FILE_DIR)/Pods-cc2Tests-checkManifestLockResult.txt",
			);
			runOnlyForDeploymentPostprocessing = 0;
			shellPath = /bin/sh;
			shellScript = "diff \"${PODS_PODFILE_DIR_PATH}/Podfile.lock\" \"${PODS_ROOT}/Manifest.lock\" > /dev/null\nif [ $? != 0 ] ; then\n    # print error to STDERR\n    echo \"error: The sandbox is not in sync with the Podfile.lock. Run 'pod install' or update your CocoaPods installation.\" >&2\n    exit 1\nfi\n# This output is used by Xcode 'outputs' to avoid re-running this script phase.\necho \"SUCCESS\" > \"${SCRIPT_OUTPUT_FILE_0}\"\n";
			showEnvVarsInLog = 0;
		};
		3CCC193506582DF35EAE678E /* [CP] Check Pods Manifest.lock */ = {
			isa = PBXShellScriptBuildPhase;
			buildActionMask = 2147483647;
			files = (
			);
			inputFileListPaths = (
			);
			inputPaths = (
				"${PODS_PODFILE_DIR_PATH}/Podfile.lock",
				"${PODS_ROOT}/Manifest.lock",
			);
			name = "[CP] Check Pods Manifest.lock";
			outputFileListPaths = (
			);
			outputPaths = (
				"$(DERIVED_FILE_DIR)/Pods-cc2-cc2UITests-checkManifestLockResult.txt",
			);
			runOnlyForDeploymentPostprocessing = 0;
			shellPath = /bin/sh;
			shellScript = "diff \"${PODS_PODFILE_DIR_PATH}/Podfile.lock\" \"${PODS_ROOT}/Manifest.lock\" > /dev/null\nif [ $? != 0 ] ; then\n    # print error to STDERR\n    echo \"error: The sandbox is not in sync with the Podfile.lock. Run 'pod install' or update your CocoaPods installation.\" >&2\n    exit 1\nfi\n# This output is used by Xcode 'outputs' to avoid re-running this script phase.\necho \"SUCCESS\" > \"${SCRIPT_OUTPUT_FILE_0}\"\n";
			showEnvVarsInLog = 0;
		};
		45FFB3ED40B4DA5C88251A44 /* [CP] Embed Pods Frameworks */ = {
			isa = PBXShellScriptBuildPhase;
			buildActionMask = 2147483647;
			files = (
			);
			inputFileListPaths = (
				"${PODS_ROOT}/Target Support Files/Pods-cc2/Pods-cc2-frameworks-${CONFIGURATION}-input-files.xcfilelist",
			);
			name = "[CP] Embed Pods Frameworks";
			outputFileListPaths = (
				"${PODS_ROOT}/Target Support Files/Pods-cc2/Pods-cc2-frameworks-${CONFIGURATION}-output-files.xcfilelist",
			);
			runOnlyForDeploymentPostprocessing = 0;
			shellPath = /bin/sh;
			shellScript = "\"${PODS_ROOT}/Target Support Files/Pods-cc2/Pods-cc2-frameworks.sh\"\n";
			showEnvVarsInLog = 0;
		};
		7FCC7ECE55AB0A710E3D8A01 /* [CP] Embed Pods Frameworks */ = {
			isa = PBXShellScriptBuildPhase;
			buildActionMask = 2147483647;
			files = (
			);
			inputFileListPaths = (
				"${PODS_ROOT}/Target Support Files/Pods-cc2-cc2UITests/Pods-cc2-cc2UITests-frameworks-${CONFIGURATION}-input-files.xcfilelist",
			);
			name = "[CP] Embed Pods Frameworks";
			outputFileListPaths = (
				"${PODS_ROOT}/Target Support Files/Pods-cc2-cc2UITests/Pods-cc2-cc2UITests-frameworks-${CONFIGURATION}-output-files.xcfilelist",
			);
			runOnlyForDeploymentPostprocessing = 0;
			shellPath = /bin/sh;
			shellScript = "\"${PODS_ROOT}/Target Support Files/Pods-cc2-cc2UITests/Pods-cc2-cc2UITests-frameworks.sh\"\n";
			showEnvVarsInLog = 0;
		};
		FCF65EEF99FF07891AE8863C /* [CP] Check Pods Manifest.lock */ = {
			isa = PBXShellScriptBuildPhase;
			buildActionMask = 2147483647;
			files = (
			);
			inputFileListPaths = (
			);
			inputPaths = (
				"${PODS_PODFILE_DIR_PATH}/Podfile.lock",
				"${PODS_ROOT}/Manifest.lock",
			);
			name = "[CP] Check Pods Manifest.lock";
			outputFileListPaths = (
			);
			outputPaths = (
				"$(DERIVED_FILE_DIR)/Pods-cc2-checkManifestLockResult.txt",
			);
			runOnlyForDeploymentPostprocessing = 0;
			shellPath = /bin/sh;
			shellScript = "diff \"${PODS_PODFILE_DIR_PATH}/Podfile.lock\" \"${PODS_ROOT}/Manifest.lock\" > /dev/null\nif [ $? != 0 ] ; then\n    # print error to STDERR\n    echo \"error: The sandbox is not in sync with the Podfile.lock. Run 'pod install' or update your CocoaPods installation.\" >&2\n    exit 1\nfi\n# This output is used by Xcode 'outputs' to avoid re-running this script phase.\necho \"SUCCESS\" > \"${SCRIPT_OUTPUT_FILE_0}\"\n";
			showEnvVarsInLog = 0;
		};
/* End PBXShellScriptBuildPhase section */

/* Begin PBXSourcesBuildPhase section */
		2357E87825D3FE99001DB5DD /* Sources */ = {
			isa = PBXSourcesBuildPhase;
			buildActionMask = 2147483647;
			files = (
				237F835725D807B50068A782 /* RecentChat.swift in Sources */,
				23F37B5825D87C77000BA8C6 /* LocalMessage.swift in Sources */,
				2357E91E25D56FDD001DB5DD /* GlobalFunctions.swift in Sources */,
				2357E8FD25D43EA1001DB5DD /* FCollectionReference.swift in Sources */,
				23F37B1E25D82298000BA8C6 /* FirebaseRecentListener.swift in Sources */,
				237F833C25D7E5BC0068A782 /* UsersTableViewController.swift in Sources */,
				23F37B4925D874BC000BA8C6 /* InputBarAccessoryViewDelegate.swift in Sources */,
				23F37B4E25D87762000BA8C6 /* MessageKitDefaults.swift in Sources */,
				239D8C2225DAF03F0045FD4A /* LocationManager.swift in Sources */,
				23F37B3925D87436000BA8C6 /* MessageCellDelegate.swift in Sources */,
				2357E91925D56224001DB5DD /* FileStorage.swift in Sources */,
				2357E8F825D43BB3001DB5DD /* Constants.swift in Sources */,
				237F833725D7E59F0068A782 /* UserTableViewCell.swift in Sources */,
				2357E8F325D43A3D001DB5DD /* User.swift in Sources */,
				237F834825D7FFC50068A782 /* ProfileTableViewController.swift in Sources */,
				2357E88425D3FE99001DB5DD /* LoginViewController.swift in Sources */,
				23F37B6925D88BA1000BA8C6 /* OutgoingMessage.swift in Sources */,
				2357E90F25D4DBE7001DB5DD /* SettingsTableViewController.swift in Sources */,
				23F37B8125DA9970000BA8C6 /* FirebaseTypingListener.swift in Sources */,
				237F832825D7C6A10068A782 /* Extensions.swift in Sources */,
				2357E91425D54F91001DB5DD /* EditProfileTableViewController.swift in Sources */,
				237F833225D7D92C0068A782 /* StatusTableViewController.swift in Sources */,
				239D8C2A25DB04E70045FD4A /* LocationMessage.swift in Sources */,
				237F832D25D7D2070068A782 /* Status.swift in Sources */,
				23F37B7C25DA645D000BA8C6 /* IncomingMessage.swift in Sources */,
				23F37B2825D864B0000BA8C6 /* ChatViewController.swift in Sources */,
				2357E88025D3FE99001DB5DD /* AppDelegate.swift in Sources */,
				23F37B4225D87462000BA8C6 /* MessageDisplayDelegate.swift in Sources */,
				239D8C1125DACD110045FD4A /* PhotoMessage.swift in Sources */,
				23F37B3025D873FF000BA8C6 /* MessageDataSource.swift in Sources */,
				23F37B2325D85280000BA8C6 /* ChatsTableViewController.swift in Sources */,
				23F37B7725D8957E000BA8C6 /* FirebaseMessageListener.swift in Sources */,
				239D8C2F25DB0A700045FD4A /* MapViewController.swift in Sources */,
				23F37B6425D88752000BA8C6 /* RealmManager.swift in Sources */,
				23F37B4425D87489000BA8C6 /* MessageLayoutDelegate.swift in Sources */,
				23F37B1925D81F7E000BA8C6 /* StartChat.swift in Sources */,
				239D8C1725DADCFA0045FD4A /* VideoMessage.swift in Sources */,
				2357E90625D440CD001DB5DD /* FirebaseUserListener.swift in Sources */,
				2357E88225D3FE99001DB5DD /* SceneDelegate.swift in Sources */,
				23F37B1425D814B8000BA8C6 /* RecentTableViewCell.swift in Sources */,
				23F37B5325D87937000BA8C6 /* MKMessage.swift in Sources */,
			);
			runOnlyForDeploymentPostprocessing = 0;
		};
		2357E88E25D3FE9D001DB5DD /* Sources */ = {
			isa = PBXSourcesBuildPhase;
			buildActionMask = 2147483647;
			files = (
				2357E89725D3FE9D001DB5DD /* cc2Tests.swift in Sources */,
			);
			runOnlyForDeploymentPostprocessing = 0;
		};
		2357E89925D3FE9D001DB5DD /* Sources */ = {
			isa = PBXSourcesBuildPhase;
			buildActionMask = 2147483647;
			files = (
				2357E8A225D3FE9D001DB5DD /* cc2UITests.swift in Sources */,
			);
			runOnlyForDeploymentPostprocessing = 0;
		};
/* End PBXSourcesBuildPhase section */

/* Begin PBXTargetDependency section */
		2357E89425D3FE9D001DB5DD /* PBXTargetDependency */ = {
			isa = PBXTargetDependency;
			target = 2357E87B25D3FE99001DB5DD /* cc2 */;
			targetProxy = 2357E89325D3FE9D001DB5DD /* PBXContainerItemProxy */;
		};
		2357E89F25D3FE9D001DB5DD /* PBXTargetDependency */ = {
			isa = PBXTargetDependency;
			target = 2357E87B25D3FE99001DB5DD /* cc2 */;
			targetProxy = 2357E89E25D3FE9D001DB5DD /* PBXContainerItemProxy */;
		};
/* End PBXTargetDependency section */

/* Begin PBXVariantGroup section */
		2357E88525D3FE99001DB5DD /* Main.storyboard */ = {
			isa = PBXVariantGroup;
			children = (
				2357E88625D3FE99001DB5DD /* Base */,
			);
			name = Main.storyboard;
			sourceTree = "<group>";
		};
		2357E88A25D3FE9C001DB5DD /* LaunchScreen.storyboard */ = {
			isa = PBXVariantGroup;
			children = (
				2357E88B25D3FE9C001DB5DD /* Base */,
			);
			name = LaunchScreen.storyboard;
			sourceTree = "<group>";
		};
/* End PBXVariantGroup section */

/* Begin XCBuildConfiguration section */
		2357E8A425D3FE9D001DB5DD /* Debug */ = {
			isa = XCBuildConfiguration;
			buildSettings = {
				ALWAYS_SEARCH_USER_PATHS = NO;
				CLANG_ANALYZER_NONNULL = YES;
				CLANG_ANALYZER_NUMBER_OBJECT_CONVERSION = YES_AGGRESSIVE;
				CLANG_CXX_LANGUAGE_STANDARD = "gnu++14";
				CLANG_CXX_LIBRARY = "libc++";
				CLANG_ENABLE_MODULES = YES;
				CLANG_ENABLE_OBJC_ARC = YES;
				CLANG_ENABLE_OBJC_WEAK = YES;
				CLANG_WARN_BLOCK_CAPTURE_AUTORELEASING = YES;
				CLANG_WARN_BOOL_CONVERSION = YES;
				CLANG_WARN_COMMA = YES;
				CLANG_WARN_CONSTANT_CONVERSION = YES;
				CLANG_WARN_DEPRECATED_OBJC_IMPLEMENTATIONS = YES;
				CLANG_WARN_DIRECT_OBJC_ISA_USAGE = YES_ERROR;
				CLANG_WARN_DOCUMENTATION_COMMENTS = YES;
				CLANG_WARN_EMPTY_BODY = YES;
				CLANG_WARN_ENUM_CONVERSION = YES;
				CLANG_WARN_INFINITE_RECURSION = YES;
				CLANG_WARN_INT_CONVERSION = YES;
				CLANG_WARN_NON_LITERAL_NULL_CONVERSION = YES;
				CLANG_WARN_OBJC_IMPLICIT_RETAIN_SELF = YES;
				CLANG_WARN_OBJC_LITERAL_CONVERSION = YES;
				CLANG_WARN_OBJC_ROOT_CLASS = YES_ERROR;
				CLANG_WARN_QUOTED_INCLUDE_IN_FRAMEWORK_HEADER = YES;
				CLANG_WARN_RANGE_LOOP_ANALYSIS = YES;
				CLANG_WARN_STRICT_PROTOTYPES = YES;
				CLANG_WARN_SUSPICIOUS_MOVE = YES;
				CLANG_WARN_UNGUARDED_AVAILABILITY = YES_AGGRESSIVE;
				CLANG_WARN_UNREACHABLE_CODE = YES;
				CLANG_WARN__DUPLICATE_METHOD_MATCH = YES;
				COPY_PHASE_STRIP = NO;
				DEBUG_INFORMATION_FORMAT = dwarf;
				ENABLE_STRICT_OBJC_MSGSEND = YES;
				ENABLE_TESTABILITY = YES;
				GCC_C_LANGUAGE_STANDARD = gnu11;
				GCC_DYNAMIC_NO_PIC = NO;
				GCC_NO_COMMON_BLOCKS = YES;
				GCC_OPTIMIZATION_LEVEL = 0;
				GCC_PREPROCESSOR_DEFINITIONS = (
					"DEBUG=1",
					"$(inherited)",
				);
				GCC_WARN_64_TO_32_BIT_CONVERSION = YES;
				GCC_WARN_ABOUT_RETURN_TYPE = YES_ERROR;
				GCC_WARN_UNDECLARED_SELECTOR = YES;
				GCC_WARN_UNINITIALIZED_AUTOS = YES_AGGRESSIVE;
				GCC_WARN_UNUSED_FUNCTION = YES;
				GCC_WARN_UNUSED_VARIABLE = YES;
				IPHONEOS_DEPLOYMENT_TARGET = 14.4;
				MTL_ENABLE_DEBUG_INFO = INCLUDE_SOURCE;
				MTL_FAST_MATH = YES;
				ONLY_ACTIVE_ARCH = YES;
				SDKROOT = iphoneos;
				SWIFT_ACTIVE_COMPILATION_CONDITIONS = DEBUG;
				SWIFT_OPTIMIZATION_LEVEL = "-Onone";
			};
			name = Debug;
		};
		2357E8A525D3FE9D001DB5DD /* Release */ = {
			isa = XCBuildConfiguration;
			buildSettings = {
				ALWAYS_SEARCH_USER_PATHS = NO;
				CLANG_ANALYZER_NONNULL = YES;
				CLANG_ANALYZER_NUMBER_OBJECT_CONVERSION = YES_AGGRESSIVE;
				CLANG_CXX_LANGUAGE_STANDARD = "gnu++14";
				CLANG_CXX_LIBRARY = "libc++";
				CLANG_ENABLE_MODULES = YES;
				CLANG_ENABLE_OBJC_ARC = YES;
				CLANG_ENABLE_OBJC_WEAK = YES;
				CLANG_WARN_BLOCK_CAPTURE_AUTORELEASING = YES;
				CLANG_WARN_BOOL_CONVERSION = YES;
				CLANG_WARN_COMMA = YES;
				CLANG_WARN_CONSTANT_CONVERSION = YES;
				CLANG_WARN_DEPRECATED_OBJC_IMPLEMENTATIONS = YES;
				CLANG_WARN_DIRECT_OBJC_ISA_USAGE = YES_ERROR;
				CLANG_WARN_DOCUMENTATION_COMMENTS = YES;
				CLANG_WARN_EMPTY_BODY = YES;
				CLANG_WARN_ENUM_CONVERSION = YES;
				CLANG_WARN_INFINITE_RECURSION = YES;
				CLANG_WARN_INT_CONVERSION = YES;
				CLANG_WARN_NON_LITERAL_NULL_CONVERSION = YES;
				CLANG_WARN_OBJC_IMPLICIT_RETAIN_SELF = YES;
				CLANG_WARN_OBJC_LITERAL_CONVERSION = YES;
				CLANG_WARN_OBJC_ROOT_CLASS = YES_ERROR;
				CLANG_WARN_QUOTED_INCLUDE_IN_FRAMEWORK_HEADER = YES;
				CLANG_WARN_RANGE_LOOP_ANALYSIS = YES;
				CLANG_WARN_STRICT_PROTOTYPES = YES;
				CLANG_WARN_SUSPICIOUS_MOVE = YES;
				CLANG_WARN_UNGUARDED_AVAILABILITY = YES_AGGRESSIVE;
				CLANG_WARN_UNREACHABLE_CODE = YES;
				CLANG_WARN__DUPLICATE_METHOD_MATCH = YES;
				COPY_PHASE_STRIP = NO;
				DEBUG_INFORMATION_FORMAT = "dwarf-with-dsym";
				ENABLE_NS_ASSERTIONS = NO;
				ENABLE_STRICT_OBJC_MSGSEND = YES;
				GCC_C_LANGUAGE_STANDARD = gnu11;
				GCC_NO_COMMON_BLOCKS = YES;
				GCC_WARN_64_TO_32_BIT_CONVERSION = YES;
				GCC_WARN_ABOUT_RETURN_TYPE = YES_ERROR;
				GCC_WARN_UNDECLARED_SELECTOR = YES;
				GCC_WARN_UNINITIALIZED_AUTOS = YES_AGGRESSIVE;
				GCC_WARN_UNUSED_FUNCTION = YES;
				GCC_WARN_UNUSED_VARIABLE = YES;
				IPHONEOS_DEPLOYMENT_TARGET = 14.4;
				MTL_ENABLE_DEBUG_INFO = NO;
				MTL_FAST_MATH = YES;
				SDKROOT = iphoneos;
				SWIFT_COMPILATION_MODE = wholemodule;
				SWIFT_OPTIMIZATION_LEVEL = "-O";
				VALIDATE_PRODUCT = YES;
			};
			name = Release;
		};
		2357E8A725D3FE9D001DB5DD /* Debug */ = {
			isa = XCBuildConfiguration;
			baseConfigurationReference = E160409AE416607D962A4ABD /* Pods-cc2.debug.xcconfig */;
			buildSettings = {
				ASSETCATALOG_COMPILER_APPICON_NAME = AppIcon;
				ASSETCATALOG_COMPILER_GLOBAL_ACCENT_COLOR_NAME = AccentColor;
				CODE_SIGN_STYLE = Automatic;
				DEVELOPMENT_TEAM = 987P4YFJ2D;
				INFOPLIST_FILE = cc2/Info.plist;
				IPHONEOS_DEPLOYMENT_TARGET = 14.1;
				LD_RUNPATH_SEARCH_PATHS = (
					"$(inherited)",
					"@executable_path/Frameworks",
				);
				PRODUCT_BUNDLE_IDENTIFIER = com.keita.cc2;
				PRODUCT_NAME = "$(TARGET_NAME)";
				SWIFT_VERSION = 5.0;
				TARGETED_DEVICE_FAMILY = "1,2";
			};
			name = Debug;
		};
		2357E8A825D3FE9D001DB5DD /* Release */ = {
			isa = XCBuildConfiguration;
			baseConfigurationReference = 3F62E1F934DCC8D24397D525 /* Pods-cc2.release.xcconfig */;
			buildSettings = {
				ASSETCATALOG_COMPILER_APPICON_NAME = AppIcon;
				ASSETCATALOG_COMPILER_GLOBAL_ACCENT_COLOR_NAME = AccentColor;
				CODE_SIGN_STYLE = Automatic;
				DEVELOPMENT_TEAM = 987P4YFJ2D;
				INFOPLIST_FILE = cc2/Info.plist;
				IPHONEOS_DEPLOYMENT_TARGET = 14.1;
				LD_RUNPATH_SEARCH_PATHS = (
					"$(inherited)",
					"@executable_path/Frameworks",
				);
				PRODUCT_BUNDLE_IDENTIFIER = com.keita.cc2;
				PRODUCT_NAME = "$(TARGET_NAME)";
				SWIFT_VERSION = 5.0;
				TARGETED_DEVICE_FAMILY = "1,2";
			};
			name = Release;
		};
		2357E8AA25D3FE9D001DB5DD /* Debug */ = {
			isa = XCBuildConfiguration;
			baseConfigurationReference = 2204B8F8F5A84912AA869E2E /* Pods-cc2Tests.debug.xcconfig */;
			buildSettings = {
				ALWAYS_EMBED_SWIFT_STANDARD_LIBRARIES = YES;
				BUNDLE_LOADER = "$(TEST_HOST)";
				CODE_SIGN_STYLE = Automatic;
				DEVELOPMENT_TEAM = 987P4YFJ2D;
				INFOPLIST_FILE = cc2Tests/Info.plist;
				IPHONEOS_DEPLOYMENT_TARGET = 14.4;
				LD_RUNPATH_SEARCH_PATHS = (
					"$(inherited)",
					"@executable_path/Frameworks",
					"@loader_path/Frameworks",
				);
				PRODUCT_BUNDLE_IDENTIFIER = com.keita.cc2Tests;
				PRODUCT_NAME = "$(TARGET_NAME)";
				SWIFT_VERSION = 5.0;
				TARGETED_DEVICE_FAMILY = "1,2";
				TEST_HOST = "$(BUILT_PRODUCTS_DIR)/cc2.app/cc2";
			};
			name = Debug;
		};
		2357E8AB25D3FE9D001DB5DD /* Release */ = {
			isa = XCBuildConfiguration;
			baseConfigurationReference = 2ED45AADBD3AF4922ABF8898 /* Pods-cc2Tests.release.xcconfig */;
			buildSettings = {
				ALWAYS_EMBED_SWIFT_STANDARD_LIBRARIES = YES;
				BUNDLE_LOADER = "$(TEST_HOST)";
				CODE_SIGN_STYLE = Automatic;
				DEVELOPMENT_TEAM = 987P4YFJ2D;
				INFOPLIST_FILE = cc2Tests/Info.plist;
				IPHONEOS_DEPLOYMENT_TARGET = 14.4;
				LD_RUNPATH_SEARCH_PATHS = (
					"$(inherited)",
					"@executable_path/Frameworks",
					"@loader_path/Frameworks",
				);
				PRODUCT_BUNDLE_IDENTIFIER = com.keita.cc2Tests;
				PRODUCT_NAME = "$(TARGET_NAME)";
				SWIFT_VERSION = 5.0;
				TARGETED_DEVICE_FAMILY = "1,2";
				TEST_HOST = "$(BUILT_PRODUCTS_DIR)/cc2.app/cc2";
			};
			name = Release;
		};
		2357E8AD25D3FE9D001DB5DD /* Debug */ = {
			isa = XCBuildConfiguration;
			baseConfigurationReference = 01A3B340046AB63459EC8361 /* Pods-cc2-cc2UITests.debug.xcconfig */;
			buildSettings = {
				ALWAYS_EMBED_SWIFT_STANDARD_LIBRARIES = YES;
				CODE_SIGN_STYLE = Automatic;
				DEVELOPMENT_TEAM = 987P4YFJ2D;
				INFOPLIST_FILE = cc2UITests/Info.plist;
				LD_RUNPATH_SEARCH_PATHS = (
					"$(inherited)",
					"@executable_path/Frameworks",
					"@loader_path/Frameworks",
				);
				PRODUCT_BUNDLE_IDENTIFIER = com.keita.cc2UITests;
				PRODUCT_NAME = "$(TARGET_NAME)";
				SWIFT_VERSION = 5.0;
				TARGETED_DEVICE_FAMILY = "1,2";
				TEST_TARGET_NAME = cc2;
			};
			name = Debug;
		};
		2357E8AE25D3FE9D001DB5DD /* Release */ = {
			isa = XCBuildConfiguration;
			baseConfigurationReference = E9617C3A036797A2E014460D /* Pods-cc2-cc2UITests.release.xcconfig */;
			buildSettings = {
				ALWAYS_EMBED_SWIFT_STANDARD_LIBRARIES = YES;
				CODE_SIGN_STYLE = Automatic;
				DEVELOPMENT_TEAM = 987P4YFJ2D;
				INFOPLIST_FILE = cc2UITests/Info.plist;
				LD_RUNPATH_SEARCH_PATHS = (
					"$(inherited)",
					"@executable_path/Frameworks",
					"@loader_path/Frameworks",
				);
				PRODUCT_BUNDLE_IDENTIFIER = com.keita.cc2UITests;
				PRODUCT_NAME = "$(TARGET_NAME)";
				SWIFT_VERSION = 5.0;
				TARGETED_DEVICE_FAMILY = "1,2";
				TEST_TARGET_NAME = cc2;
			};
			name = Release;
		};
/* End XCBuildConfiguration section */

/* Begin XCConfigurationList section */
		2357E87725D3FE99001DB5DD /* Build configuration list for PBXProject "cc2" */ = {
			isa = XCConfigurationList;
			buildConfigurations = (
				2357E8A425D3FE9D001DB5DD /* Debug */,
				2357E8A525D3FE9D001DB5DD /* Release */,
			);
			defaultConfigurationIsVisible = 0;
			defaultConfigurationName = Release;
		};
		2357E8A625D3FE9D001DB5DD /* Build configuration list for PBXNativeTarget "cc2" */ = {
			isa = XCConfigurationList;
			buildConfigurations = (
				2357E8A725D3FE9D001DB5DD /* Debug */,
				2357E8A825D3FE9D001DB5DD /* Release */,
			);
			defaultConfigurationIsVisible = 0;
			defaultConfigurationName = Release;
		};
		2357E8A925D3FE9D001DB5DD /* Build configuration list for PBXNativeTarget "cc2Tests" */ = {
			isa = XCConfigurationList;
			buildConfigurations = (
				2357E8AA25D3FE9D001DB5DD /* Debug */,
				2357E8AB25D3FE9D001DB5DD /* Release */,
			);
			defaultConfigurationIsVisible = 0;
			defaultConfigurationName = Release;
		};
		2357E8AC25D3FE9D001DB5DD /* Build configuration list for PBXNativeTarget "cc2UITests" */ = {
			isa = XCConfigurationList;
			buildConfigurations = (
				2357E8AD25D3FE9D001DB5DD /* Debug */,
				2357E8AE25D3FE9D001DB5DD /* Release */,
			);
			defaultConfigurationIsVisible = 0;
			defaultConfigurationName = Release;
		};
/* End XCConfigurationList section */
	};
	rootObject = 2357E87425D3FE99001DB5DD /* Project object */;
}
